
Microsoft Visual Studio Solution File, Format Version 12.00
# Visual Studio Version 17
VisualStudioVersion = 17.7.34221.43
MinimumVisualStudioVersion = 10.0.40219.1
Project("{FAE04EC0-301F-11D3-BF4B-00C04F79EFBC}") = "C# Bilgi Yarışması", "C# Bilgi Yarışması.csproj", "{19F6F3F3-682E-4E5B-8910-BB0CC26B9537}"
EndProject
Global
	GlobalSection(SolutionConfigurationPlatforms) = preSolution
		Debug|Any CPU = Debug|Any CPU
		Release|Any CPU = Release|Any CPU
	EndGlobalSection
	GlobalSection(ProjectConfigurationPlatforms) = postSolution
		{19F6F3F3-682E-4E5B-8910-BB0CC26B9537}.Debug|Any CPU.ActiveCfg = Debug|Any CPU
		{19F6F3F3-682E-4E5B-8910-BB0CC26B9537}.Debug|Any CPU.Build.0 = Debug|Any CPU
		{19F6F3F3-682E-4E5B-8910-BB0CC26B9537}.Release|Any CPU.ActiveCfg = Release|Any CPU
		{19F6F3F3-682E-4E5B-8910-BB0CC26B9537}.Release|Any CPU.Build.0 = Release|Any CPU
	EndGlobalSection
	GlobalSection(SolutionProperties) = preSolution
		HideSolutionNode = FALSE
	EndGlobalSection
	GlobalSection(ExtensibilityGlobals) = postSolution
		SolutionGuid = {6B762445-46A2-4665-BCCF-1A305BB75DBE}
	EndGlobalSection
EndGlobal
