
Microsoft Visual Studio Solution File, Format Version 12.00
# Visual Studio Version 17
VisualStudioVersion = 17.5.33516.290
MinimumVisualStudioVersion = 10.0.40219.1
Project("{FAE04EC0-301F-11D3-BF4B-00C04F79EFBC}") = "C# hello world", "C# hello world.csproj", "{F765ED99-15B5-442A-A153-F85847779886}"
EndProject
Global
	GlobalSection(SolutionConfigurationPlatforms) = preSolution
		Debug|Any CPU = Debug|Any CPU
		Release|Any CPU = Release|Any CPU
	EndGlobalSection
	GlobalSection(ProjectConfigurationPlatforms) = postSolution
		{F765ED99-15B5-442A-A153-F85847779886}.Debug|Any CPU.ActiveCfg = Debug|Any CPU
		{F765ED99-15B5-442A-A153-F85847779886}.Debug|Any CPU.Build.0 = Debug|Any CPU
		{F765ED99-15B5-442A-A153-F85847779886}.Release|Any CPU.ActiveCfg = Release|Any CPU
		{F765ED99-15B5-442A-A153-F85847779886}.Release|Any CPU.Build.0 = Release|Any CPU
	EndGlobalSection
	GlobalSection(SolutionProperties) = preSolution
		HideSolutionNode = FALSE
	EndGlobalSection
	GlobalSection(ExtensibilityGlobals) = postSolution
		SolutionGuid = {BABAFDE1-FD39-4218-AA71-200FD6CC09F0}
	EndGlobalSection
EndGlobal
