
Microsoft Visual Studio Solution File, Format Version 12.00
# Visual Studio Version 17
VisualStudioVersion = 17.7.34221.43
MinimumVisualStudioVersion = 10.0.40219.1
Project("{FAE04EC0-301F-11D3-BF4B-00C04F79EFBC}") = "C# Switch Case", "C# Switch Case.csproj", "{91BFCE65-4918-4AF6-9FA7-8A6EDC0DBEF4}"
EndProject
Global
	GlobalSection(SolutionConfigurationPlatforms) = preSolution
		Debug|Any CPU = Debug|Any CPU
		Release|Any CPU = Release|Any CPU
	EndGlobalSection
	GlobalSection(ProjectConfigurationPlatforms) = postSolution
		{91BFCE65-4918-4AF6-9FA7-8A6EDC0DBEF4}.Debug|Any CPU.ActiveCfg = Debug|Any CPU
		{91BFCE65-4918-4AF6-9FA7-8A6EDC0DBEF4}.Debug|Any CPU.Build.0 = Debug|Any CPU
		{91BFCE65-4918-4AF6-9FA7-8A6EDC0DBEF4}.Release|Any CPU.ActiveCfg = Release|Any CPU
		{91BFCE65-4918-4AF6-9FA7-8A6EDC0DBEF4}.Release|Any CPU.Build.0 = Release|Any CPU
	EndGlobalSection
	GlobalSection(SolutionProperties) = preSolution
		HideSolutionNode = FALSE
	EndGlobalSection
	GlobalSection(ExtensibilityGlobals) = postSolution
		SolutionGuid = {92C4A5A9-479F-4E6A-8BD6-2292C111913D}
	EndGlobalSection
EndGlobal
