
Microsoft Visual Studio Solution File, Format Version 12.00
# Visual Studio Version 17
VisualStudioVersion = 17.7.34221.43
MinimumVisualStudioVersion = 10.0.40219.1
Project("{FAE04EC0-301F-11D3-BF4B-00C04F79EFBC}") = "27) C# Console Void Metodu", "27) C# Console Void Metodu.csproj", "{C3D686C8-3C1C-42D7-A530-D3871FAEB5F5}"
EndProject
Global
	GlobalSection(SolutionConfigurationPlatforms) = preSolution
		Debug|Any CPU = Debug|Any CPU
		Release|Any CPU = Release|Any CPU
	EndGlobalSection
	GlobalSection(ProjectConfigurationPlatforms) = postSolution
		{C3D686C8-3C1C-42D7-A530-D3871FAEB5F5}.Debug|Any CPU.ActiveCfg = Debug|Any CPU
		{C3D686C8-3C1C-42D7-A530-D3871FAEB5F5}.Debug|Any CPU.Build.0 = Debug|Any CPU
		{C3D686C8-3C1C-42D7-A530-D3871FAEB5F5}.Release|Any CPU.ActiveCfg = Release|Any CPU
		{C3D686C8-3C1C-42D7-A530-D3871FAEB5F5}.Release|Any CPU.Build.0 = Release|Any CPU
	EndGlobalSection
	GlobalSection(SolutionProperties) = preSolution
		HideSolutionNode = FALSE
	EndGlobalSection
	GlobalSection(ExtensibilityGlobals) = postSolution
		SolutionGuid = {DB63A3BE-80CF-41FD-B555-D6BB954051A8}
	EndGlobalSection
EndGlobal
