
Microsoft Visual Studio Solution File, Format Version 12.00
# Visual Studio Version 17
VisualStudioVersion = 17.7.34221.43
MinimumVisualStudioVersion = 10.0.40219.1
Project("{FAE04EC0-301F-11D3-BF4B-00C04F79EFBC}") = "C# ProgressBar Pasta Pişirme Uygulaması", "C# ProgressBar Pasta Pişirme Uygulaması.csproj", "{A097566E-BA1A-4160-99D2-B7A84BA9B3F3}"
EndProject
Global
	GlobalSection(SolutionConfigurationPlatforms) = preSolution
		Debug|Any CPU = Debug|Any CPU
		Release|Any CPU = Release|Any CPU
	EndGlobalSection
	GlobalSection(ProjectConfigurationPlatforms) = postSolution
		{A097566E-BA1A-4160-99D2-B7A84BA9B3F3}.Debug|Any CPU.ActiveCfg = Debug|Any CPU
		{A097566E-BA1A-4160-99D2-B7A84BA9B3F3}.Debug|Any CPU.Build.0 = Debug|Any CPU
		{A097566E-BA1A-4160-99D2-B7A84BA9B3F3}.Release|Any CPU.ActiveCfg = Release|Any CPU
		{A097566E-BA1A-4160-99D2-B7A84BA9B3F3}.Release|Any CPU.Build.0 = Release|Any CPU
	EndGlobalSection
	GlobalSection(SolutionProperties) = preSolution
		HideSolutionNode = FALSE
	EndGlobalSection
	GlobalSection(ExtensibilityGlobals) = postSolution
		SolutionGuid = {4FEDFA43-2B7C-4CF2-A021-41141E8FAD12}
	EndGlobalSection
EndGlobal
